# This file is automatically @generated by Cargo.
# It is not intended for manual editing.
[[package]]
name = "magic-force"
version = "0.1.0"
dependencies = [
 "rust-guile",
]

[[package]]
name = "pkg-config"
version = "0.3.25"
source = "registry+https://github.com/rust-lang/crates.io-index"
checksum = "1df8c4ec4b0627e53bdf214615ad287367e482558cf84b109250b37464dc03ae"

[[package]]
name = "rust-guile"
version = "0.1.6"
source = "registry+https://github.com/rust-lang/crates.io-index"
checksum = "d0d79ee38153aa79316e04f6f90181214018c23416236e3e7a71f605a754e6e6"
dependencies = [
 "pkg-config",
]
